
Microsoft Visual Studio Solution File, Format Version 12.00
# Visual Studio Version 16
VisualStudioVersion = 16.0.29709.97
MinimumVisualStudioVersion = 10.0.40219.1
Project("{2150E333-8FDC-42A3-9474-1A3956D46DE8}") = "1 Dominio", "1 Dominio", "{3B8014AD-1CC7-4486-8829-75A69657DA36}"
EndProject
Project("{2150E333-8FDC-42A3-9474-1A3956D46DE8}") = "2 Infra", "2 Infra", "{9D430110-233E-489C-B0A8-E9A470A9A279}"
EndProject
Project("{2150E333-8FDC-42A3-9474-1A3956D46DE8}") = "2.1 Data", "2.1 Data", "{8DCE34D1-4C84-49DD-8A0B-4C91D8E5CF42}"
EndProject
Project("{2150E333-8FDC-42A3-9474-1A3956D46DE8}") = "2.2 Repositorio", "2.2 Repositorio", "{48AACC82-0F52-4363-BD9A-C599DBC5B53B}"
EndProject
Project("{2150E333-8FDC-42A3-9474-1A3956D46DE8}") = "3 Aplicacao", "3 Aplicacao", "{57A4925A-F570-47E9-A870-CE32BFFAE5AD}"
EndProject
Project("{2150E333-8FDC-42A3-9474-1A3956D46DE8}") = "4 Servico", "4 Servico", "{B6B9B2A2-54FC-4114-934E-70AC8CA907F9}"
EndProject
Project("{9A19103F-16F7-4668-BE54-9A1E7A4F7556}") = "Teste.Dominio", "Teste.Dominio\Teste.Dominio.csproj", "{E8BEC742-22F8-4BC4-9405-5F24687953DE}"
EndProject
Project("{9A19103F-16F7-4668-BE54-9A1E7A4F7556}") = "Teste.Infra.Data", "Teste.Infra.Data\Teste.Infra.Data.csproj", "{3364C1BD-C8B8-49E7-8271-CF6A124FFD66}"
EndProject
Project("{9A19103F-16F7-4668-BE54-9A1E7A4F7556}") = "Teste.Infra.Repositorios", "Teste.Infra.Repositorios\Teste.Infra.Repositorios.csproj", "{B37C291C-14A1-4A6A-8EE2-FDD26489C8C2}"
EndProject
Project("{9A19103F-16F7-4668-BE54-9A1E7A4F7556}") = "Teste.Aplicacao", "Teste.Aplicacao\Teste.Aplicacao.csproj", "{A80EAFA7-D682-4C9C-A4E0-D5C7638F892B}"
EndProject
Project("{9A19103F-16F7-4668-BE54-9A1E7A4F7556}") = "Teste.Servico", "Teste.Servico\Teste.Servico.csproj", "{98CA4458-445A-4CEC-A96E-B0C2C8380FC0}"
EndProject
Project("{2150E333-8FDC-42A3-9474-1A3956D46DE8}") = "2.3 CrossCutting", "2.3 CrossCutting", "{D0D9F0E8-7DA8-448E-A6E8-D77BB5664D57}"
EndProject
Project("{9A19103F-16F7-4668-BE54-9A1E7A4F7556}") = "Teste.CrossCutting", "Teste.CrossCutting\Teste.CrossCutting.csproj", "{52AF35CE-9B8E-496B-912C-E028B824D457}"
EndProject
Project("{2150E333-8FDC-42A3-9474-1A3956D46DE8}") = "5 Teste", "5 Teste", "{10FC774A-AD3A-49E1-BF21-8F60EE096E3D}"
EndProject
Project("{9A19103F-16F7-4668-BE54-9A1E7A4F7556}") = "Teste.Teste", "Teste.Teste\Teste.Teste.csproj", "{7D21597F-B3F3-42D3-9349-AD50AAFA6E23}"
EndProject
Project("{9A19103F-16F7-4668-BE54-9A1E7A4F7556}") = "Teste.TesteConsole", "Teste.TesteConsole\Teste.TesteConsole.csproj", "{5856029F-E500-48FF-B816-EE2B7C95FC96}"
EndProject
Global
	GlobalSection(SolutionConfigurationPlatforms) = preSolution
		Debug|Any CPU = Debug|Any CPU
		Release|Any CPU = Release|Any CPU
	EndGlobalSection
	GlobalSection(ProjectConfigurationPlatforms) = postSolution
		{E8BEC742-22F8-4BC4-9405-5F24687953DE}.Debug|Any CPU.ActiveCfg = Debug|Any CPU
		{E8BEC742-22F8-4BC4-9405-5F24687953DE}.Debug|Any CPU.Build.0 = Debug|Any CPU
		{E8BEC742-22F8-4BC4-9405-5F24687953DE}.Release|Any CPU.ActiveCfg = Release|Any CPU
		{E8BEC742-22F8-4BC4-9405-5F24687953DE}.Release|Any CPU.Build.0 = Release|Any CPU
		{3364C1BD-C8B8-49E7-8271-CF6A124FFD66}.Debug|Any CPU.ActiveCfg = Debug|Any CPU
		{3364C1BD-C8B8-49E7-8271-CF6A124FFD66}.Debug|Any CPU.Build.0 = Debug|Any CPU
		{3364C1BD-C8B8-49E7-8271-CF6A124FFD66}.Release|Any CPU.ActiveCfg = Release|Any CPU
		{3364C1BD-C8B8-49E7-8271-CF6A124FFD66}.Release|Any CPU.Build.0 = Release|Any CPU
		{B37C291C-14A1-4A6A-8EE2-FDD26489C8C2}.Debug|Any CPU.ActiveCfg = Debug|Any CPU
		{B37C291C-14A1-4A6A-8EE2-FDD26489C8C2}.Debug|Any CPU.Build.0 = Debug|Any CPU
		{B37C291C-14A1-4A6A-8EE2-FDD26489C8C2}.Release|Any CPU.ActiveCfg = Release|Any CPU
		{B37C291C-14A1-4A6A-8EE2-FDD26489C8C2}.Release|Any CPU.Build.0 = Release|Any CPU
		{A80EAFA7-D682-4C9C-A4E0-D5C7638F892B}.Debug|Any CPU.ActiveCfg = Debug|Any CPU
		{A80EAFA7-D682-4C9C-A4E0-D5C7638F892B}.Debug|Any CPU.Build.0 = Debug|Any CPU
		{A80EAFA7-D682-4C9C-A4E0-D5C7638F892B}.Release|Any CPU.ActiveCfg = Release|Any CPU
		{A80EAFA7-D682-4C9C-A4E0-D5C7638F892B}.Release|Any CPU.Build.0 = Release|Any CPU
		{98CA4458-445A-4CEC-A96E-B0C2C8380FC0}.Debug|Any CPU.ActiveCfg = Debug|Any CPU
		{98CA4458-445A-4CEC-A96E-B0C2C8380FC0}.Debug|Any CPU.Build.0 = Debug|Any CPU
		{98CA4458-445A-4CEC-A96E-B0C2C8380FC0}.Release|Any CPU.ActiveCfg = Release|Any CPU
		{98CA4458-445A-4CEC-A96E-B0C2C8380FC0}.Release|Any CPU.Build.0 = Release|Any CPU
		{52AF35CE-9B8E-496B-912C-E028B824D457}.Debug|Any CPU.ActiveCfg = Debug|Any CPU
		{52AF35CE-9B8E-496B-912C-E028B824D457}.Debug|Any CPU.Build.0 = Debug|Any CPU
		{52AF35CE-9B8E-496B-912C-E028B824D457}.Release|Any CPU.ActiveCfg = Release|Any CPU
		{52AF35CE-9B8E-496B-912C-E028B824D457}.Release|Any CPU.Build.0 = Release|Any CPU
		{7D21597F-B3F3-42D3-9349-AD50AAFA6E23}.Debug|Any CPU.ActiveCfg = Debug|Any CPU
		{7D21597F-B3F3-42D3-9349-AD50AAFA6E23}.Debug|Any CPU.Build.0 = Debug|Any CPU
		{7D21597F-B3F3-42D3-9349-AD50AAFA6E23}.Release|Any CPU.ActiveCfg = Release|Any CPU
		{7D21597F-B3F3-42D3-9349-AD50AAFA6E23}.Release|Any CPU.Build.0 = Release|Any CPU
		{5856029F-E500-48FF-B816-EE2B7C95FC96}.Debug|Any CPU.ActiveCfg = Debug|Any CPU
		{5856029F-E500-48FF-B816-EE2B7C95FC96}.Debug|Any CPU.Build.0 = Debug|Any CPU
		{5856029F-E500-48FF-B816-EE2B7C95FC96}.Release|Any CPU.ActiveCfg = Release|Any CPU
		{5856029F-E500-48FF-B816-EE2B7C95FC96}.Release|Any CPU.Build.0 = Release|Any CPU
	EndGlobalSection
	GlobalSection(SolutionProperties) = preSolution
		HideSolutionNode = FALSE
	EndGlobalSection
	GlobalSection(NestedProjects) = preSolution
		{8DCE34D1-4C84-49DD-8A0B-4C91D8E5CF42} = {9D430110-233E-489C-B0A8-E9A470A9A279}
		{48AACC82-0F52-4363-BD9A-C599DBC5B53B} = {9D430110-233E-489C-B0A8-E9A470A9A279}
		{E8BEC742-22F8-4BC4-9405-5F24687953DE} = {3B8014AD-1CC7-4486-8829-75A69657DA36}
		{3364C1BD-C8B8-49E7-8271-CF6A124FFD66} = {8DCE34D1-4C84-49DD-8A0B-4C91D8E5CF42}
		{B37C291C-14A1-4A6A-8EE2-FDD26489C8C2} = {48AACC82-0F52-4363-BD9A-C599DBC5B53B}
		{A80EAFA7-D682-4C9C-A4E0-D5C7638F892B} = {57A4925A-F570-47E9-A870-CE32BFFAE5AD}
		{98CA4458-445A-4CEC-A96E-B0C2C8380FC0} = {B6B9B2A2-54FC-4114-934E-70AC8CA907F9}
		{D0D9F0E8-7DA8-448E-A6E8-D77BB5664D57} = {9D430110-233E-489C-B0A8-E9A470A9A279}
		{52AF35CE-9B8E-496B-912C-E028B824D457} = {D0D9F0E8-7DA8-448E-A6E8-D77BB5664D57}
		{7D21597F-B3F3-42D3-9349-AD50AAFA6E23} = {10FC774A-AD3A-49E1-BF21-8F60EE096E3D}
		{5856029F-E500-48FF-B816-EE2B7C95FC96} = {10FC774A-AD3A-49E1-BF21-8F60EE096E3D}
	EndGlobalSection
	GlobalSection(ExtensibilityGlobals) = postSolution
		SolutionGuid = {12E8D2B1-977E-46B0-973E-8ACEDBC2A8E3}
	EndGlobalSection
EndGlobal
